# This is a Gradle generated file for dependency locking.
# Manual edits can break the build and are not advised.
# This file is expected to be part of source control.
junit:junit:4.13.2=devCompileClasspath,devRuntimeClasspath,testCompileClasspath,testRuntimeClasspath
nrepl:nrepl:0.9.0=devCompileClasspath,devRuntimeClasspath
org.apiguardian:apiguardian-api:1.1.2=compileClasspath,devCompileClasspath,testCompileClasspath
org.clojure:clojure:1.12.0-alpha1=compileClasspath,devCompileClasspath,devRuntimeClasspath,runtimeClasspath,sampleCompileClasspath,sampleRuntimeClasspath,testCompileClasspath,testRuntimeClasspath
org.clojure:core.specs.alpha:0.2.62=compileClasspath,devCompileClasspath,devRuntimeClasspath,runtimeClasspath,sampleCompileClasspath,sampleRuntimeClasspath,testCompileClasspath,testRuntimeClasspath
org.clojure:java.classpath:1.0.0=compileClasspath,devCompileClasspath,devRuntimeClasspath,runtimeClasspath,testCompileClasspath,testRuntimeClasspath
org.clojure:spec.alpha:0.3.218=compileClasspath,devCompileClasspath,devRuntimeClasspath,runtimeClasspath,sampleCompileClasspath,sampleRuntimeClasspath,testCompileClasspath,testRuntimeClasspath
org.clojure:tools.namespace:1.3.0=compileClasspath,devCompileClasspath,devRuntimeClasspath,runtimeClasspath,testCompileClasspath,testRuntimeClasspath
org.clojure:tools.reader:1.3.6=compileClasspath,devCompileClasspath,devRuntimeClasspath,runtimeClasspath,testCompileClasspath,testRuntimeClasspath
org.hamcrest:hamcrest-core:1.3=devCompileClasspath,devRuntimeClasspath,testCompileClasspath,testRuntimeClasspath
org.junit.platform:junit-platform-commons:1.9.0=compileClasspath,devCompileClasspath,devRuntimeClasspath,runtimeClasspath,testCompileClasspath,testRuntimeClasspath
org.junit.platform:junit-platform-engine:1.9.0=compileClasspath,devCompileClasspath,devRuntimeClasspath,runtimeClasspath,testCompileClasspath,testRuntimeClasspath
org.junit.platform:junit-platform-launcher:1.9.0=devCompileClasspath,devRuntimeClasspath,testCompileClasspath,testRuntimeClasspath
org.junit:junit-bom:5.9.0=compileClasspath,devCompileClasspath,devRuntimeClasspath,runtimeClasspath,testCompileClasspath,testRuntimeClasspath
org.opentest4j:opentest4j:1.2.0=compileClasspath,devCompileClasspath,devRuntimeClasspath,runtimeClasspath,testCompileClasspath,testRuntimeClasspath
empty=
