# This is a Gradle generated file for dependency locking.
# Manual edits can break the build and are not advised.
# This file is expected to be part of source control.
dev.clojurephant:clojurephant-tools:0.6.0-alpha.9
junit:junit:4.13.1
nrepl:nrepl:0.6.0
org.apiguardian:apiguardian-api:1.1.0
org.clojure:clojure:1.10.2-rc2
org.clojure:core.specs.alpha:0.2.56
org.clojure:java.classpath:1.0.0
org.clojure:spec.alpha:0.2.194
org.clojure:tools.namespace:1.1.0
org.clojure:tools.reader:1.3.4
org.hamcrest:hamcrest-core:1.3
org.junit.platform:junit-platform-commons:1.7.0
org.junit.platform:junit-platform-engine:1.7.0
org.junit.platform:junit-platform-launcher:1.7.0
org.junit:junit-bom:5.7.0
org.opentest4j:opentest4j:1.2.0
