# This is a Gradle generated file for dependency locking.
# Manual edits can break the build and are not advised.
# This file is expected to be part of source control.
io.github.gradle-clojure:gradle-clojure-tools:0.4.0
junit:junit:4.12
nrepl:nrepl:0.3.1
org.apiguardian:apiguardian-api:1.0.0
org.clojure:clojure:1.8.0
org.clojure:java.classpath:0.3.0
org.clojure:tools.logging:0.4.1
org.clojure:tools.namespace:0.3.0-alpha4
org.clojure:tools.reader:0.10.0
org.hamcrest:hamcrest-core:1.3
org.junit.platform:junit-platform-commons:1.3.0-M1
org.junit.platform:junit-platform-engine:1.3.0-M1
org.opentest4j:opentest4j:1.1.0
